
Microsoft Visual Studio Solution File, Format Version 12.00
# Visual Studio Version 16
VisualStudioVersion = 16.0.31702.278
MinimumVisualStudioVersion = 10.0.40219.1
Project("{FAE04EC0-301F-11D3-BF4B-00C04F79EFBC}") = "colorblinded", "colorblinded\colorblinded.csproj", "{2E867FB0-A3DC-4E4E-94F4-DA7118270601}"
EndProject
Global
	GlobalSection(SolutionConfigurationPlatforms) = preSolution
		Debug|Any CPU = Debug|Any CPU
		Release|Any CPU = Release|Any CPU
	EndGlobalSection
	GlobalSection(ProjectConfigurationPlatforms) = postSolution
		{2E867FB0-A3DC-4E4E-94F4-DA7118270601}.Debug|Any CPU.ActiveCfg = Debug|Any CPU
		{2E867FB0-A3DC-4E4E-94F4-DA7118270601}.Debug|Any CPU.Build.0 = Debug|Any CPU
		{2E867FB0-A3DC-4E4E-94F4-DA7118270601}.Release|Any CPU.ActiveCfg = Release|Any CPU
		{2E867FB0-A3DC-4E4E-94F4-DA7118270601}.Release|Any CPU.Build.0 = Release|Any CPU
	EndGlobalSection
	GlobalSection(SolutionProperties) = preSolution
		HideSolutionNode = FALSE
	EndGlobalSection
	GlobalSection(ExtensibilityGlobals) = postSolution
		SolutionGuid = {F476C25C-D45F-4803-8347-9A3DF016A222}
	EndGlobalSection
EndGlobal
